
Microsoft Visual Studio Solution File, Format Version 12.00
# Visual Studio Version 16
VisualStudioVersion = 16.0.31410.357
MinimumVisualStudioVersion = 10.0.40219.1
Project("{FAE04EC0-301F-11D3-BF4B-00C04F79EFBC}") = "LR4.1", "LR4.1\LR4.1.csproj", "{91318CEA-4452-4035-A059-3BDBD760256D}"
EndProject
Global
	GlobalSection(SolutionConfigurationPlatforms) = preSolution
		Debug|Any CPU = Debug|Any CPU
		Release|Any CPU = Release|Any CPU
	EndGlobalSection
	GlobalSection(ProjectConfigurationPlatforms) = postSolution
		{91318CEA-4452-4035-A059-3BDBD760256D}.Debug|Any CPU.ActiveCfg = Debug|Any CPU
		{91318CEA-4452-4035-A059-3BDBD760256D}.Debug|Any CPU.Build.0 = Debug|Any CPU
		{91318CEA-4452-4035-A059-3BDBD760256D}.Release|Any CPU.ActiveCfg = Release|Any CPU
		{91318CEA-4452-4035-A059-3BDBD760256D}.Release|Any CPU.Build.0 = Release|Any CPU
	EndGlobalSection
	GlobalSection(SolutionProperties) = preSolution
		HideSolutionNode = FALSE
	EndGlobalSection
	GlobalSection(ExtensibilityGlobals) = postSolution
		SolutionGuid = {F40DCD45-80A8-4B8F-BF03-2921C5D72252}
	EndGlobalSection
EndGlobal
